
Microsoft Visual Studio Solution File, Format Version 12.00
# Visual Studio Version 17
VisualStudioVersion = 17.3.32901.215
MinimumVisualStudioVersion = 10.0.40219.1
Project("{FAE04EC0-301F-11D3-BF4B-00C04F79EFBC}") = "CleanArch.Domain", "CleanArch.Domain\CleanArch.Domain.csproj", "{A16D5E90-3B97-4122-BD4E-62C0DC05FE90}"
EndProject
Project("{FAE04EC0-301F-11D3-BF4B-00C04F79EFBC}") = "CleanArch.Application", "CleanArch.Application\CleanArch.Application.csproj", "{8EE34B34-5A64-4885-A362-074C09D60D18}"
EndProject
Project("{FAE04EC0-301F-11D3-BF4B-00C04F79EFBC}") = "CleanArch.Infra.Data", "CleanArch.Infra.Data\CleanArch.Infra.Data.csproj", "{1FEA3D3D-4812-4214-9658-F15CCC02874D}"
EndProject
Project("{FAE04EC0-301F-11D3-BF4B-00C04F79EFBC}") = "CleanArch.Infra.IoC", "CleanArch.Infra.IoC\CleanArch.Infra.IoC.csproj", "{77EAEFD4-D312-4BB9-A84C-D8942CE98A62}"
EndProject
Project("{FAE04EC0-301F-11D3-BF4B-00C04F79EFBC}") = "CleanArch.MVC3", "CleanArch.MVC3\CleanArch.MVC3.csproj", "{ECA4ED74-66F0-4BAD-A64D-EE4B8E1364FB}"
EndProject
Global
	GlobalSection(SolutionConfigurationPlatforms) = preSolution
		Debug|Any CPU = Debug|Any CPU
		Release|Any CPU = Release|Any CPU
	EndGlobalSection
	GlobalSection(ProjectConfigurationPlatforms) = postSolution
		{A16D5E90-3B97-4122-BD4E-62C0DC05FE90}.Debug|Any CPU.ActiveCfg = Debug|Any CPU
		{A16D5E90-3B97-4122-BD4E-62C0DC05FE90}.Debug|Any CPU.Build.0 = Debug|Any CPU
		{A16D5E90-3B97-4122-BD4E-62C0DC05FE90}.Release|Any CPU.ActiveCfg = Release|Any CPU
		{A16D5E90-3B97-4122-BD4E-62C0DC05FE90}.Release|Any CPU.Build.0 = Release|Any CPU
		{8EE34B34-5A64-4885-A362-074C09D60D18}.Debug|Any CPU.ActiveCfg = Debug|Any CPU
		{8EE34B34-5A64-4885-A362-074C09D60D18}.Debug|Any CPU.Build.0 = Debug|Any CPU
		{8EE34B34-5A64-4885-A362-074C09D60D18}.Release|Any CPU.ActiveCfg = Release|Any CPU
		{8EE34B34-5A64-4885-A362-074C09D60D18}.Release|Any CPU.Build.0 = Release|Any CPU
		{1FEA3D3D-4812-4214-9658-F15CCC02874D}.Debug|Any CPU.ActiveCfg = Debug|Any CPU
		{1FEA3D3D-4812-4214-9658-F15CCC02874D}.Debug|Any CPU.Build.0 = Debug|Any CPU
		{1FEA3D3D-4812-4214-9658-F15CCC02874D}.Release|Any CPU.ActiveCfg = Release|Any CPU
		{1FEA3D3D-4812-4214-9658-F15CCC02874D}.Release|Any CPU.Build.0 = Release|Any CPU
		{77EAEFD4-D312-4BB9-A84C-D8942CE98A62}.Debug|Any CPU.ActiveCfg = Debug|Any CPU
		{77EAEFD4-D312-4BB9-A84C-D8942CE98A62}.Debug|Any CPU.Build.0 = Debug|Any CPU
		{77EAEFD4-D312-4BB9-A84C-D8942CE98A62}.Release|Any CPU.ActiveCfg = Release|Any CPU
		{77EAEFD4-D312-4BB9-A84C-D8942CE98A62}.Release|Any CPU.Build.0 = Release|Any CPU
		{ECA4ED74-66F0-4BAD-A64D-EE4B8E1364FB}.Debug|Any CPU.ActiveCfg = Debug|Any CPU
		{ECA4ED74-66F0-4BAD-A64D-EE4B8E1364FB}.Debug|Any CPU.Build.0 = Debug|Any CPU
		{ECA4ED74-66F0-4BAD-A64D-EE4B8E1364FB}.Release|Any CPU.ActiveCfg = Release|Any CPU
		{ECA4ED74-66F0-4BAD-A64D-EE4B8E1364FB}.Release|Any CPU.Build.0 = Release|Any CPU
	EndGlobalSection
	GlobalSection(SolutionProperties) = preSolution
		HideSolutionNode = FALSE
	EndGlobalSection
	GlobalSection(ExtensibilityGlobals) = postSolution
		SolutionGuid = {CE2A2138-45D3-4383-957F-C87E126DBE6C}
	EndGlobalSection
EndGlobal
